
Microsoft Visual Studio Solution File, Format Version 12.00
# Visual Studio 2012
Project("{F2A71F9B-5D33-465A-A702-920D77279786}") = "Tranq", "src\Tranq\Tranq.fsproj", "{F1E3515E-E90F-4A4B-BA31-F3F88E82A99D}"
EndProject
Project("{F2A71F9B-5D33-465A-A702-920D77279786}") = "Tranq.GlobalTx", "src\Tranq.GlobalTx\Tranq.GlobalTx.fsproj", "{FCF7B9AE-B345-4836-81DA-EEDD95790724}"
EndProject
Project("{F2A71F9B-5D33-465A-A702-920D77279786}") = "Tranq.Test", "tests\Tranq.Test\Tranq.Test.fsproj", "{28F7B37E-69F3-4884-8E75-D559A13A4EFB}"
EndProject
Project("{F2A71F9B-5D33-465A-A702-920D77279786}") = "Tranq.Test.Console", "tests\Tranq.Test.Console\Tranq.Test.Console.fsproj", "{1C4F74EB-A174-41E8-AD89-AD386AF7654D}"
EndProject
Project("{2150E333-8FDC-42A3-9474-1A3956D46DE8}") = "readme", "readme", "{3CBB8157-1D1E-47F1-98B8-40CD05FB83E7}"
	ProjectSection(SolutionItems) = preProject
		README.md = README.md
		RELEASE_NOTES.md = RELEASE_NOTES.md
	EndProjectSection
EndProject
Global
	GlobalSection(SolutionConfigurationPlatforms) = preSolution
		Debug|Any CPU = Debug|Any CPU
		Release|Any CPU = Release|Any CPU
	EndGlobalSection
	GlobalSection(ProjectConfigurationPlatforms) = postSolution
		{F1E3515E-E90F-4A4B-BA31-F3F88E82A99D}.Debug|Any CPU.ActiveCfg = Debug|Any CPU
		{F1E3515E-E90F-4A4B-BA31-F3F88E82A99D}.Debug|Any CPU.Build.0 = Debug|Any CPU
		{F1E3515E-E90F-4A4B-BA31-F3F88E82A99D}.Release|Any CPU.ActiveCfg = Release|Any CPU
		{F1E3515E-E90F-4A4B-BA31-F3F88E82A99D}.Release|Any CPU.Build.0 = Release|Any CPU
		{FCF7B9AE-B345-4836-81DA-EEDD95790724}.Debug|Any CPU.ActiveCfg = Debug|Any CPU
		{FCF7B9AE-B345-4836-81DA-EEDD95790724}.Debug|Any CPU.Build.0 = Debug|Any CPU
		{FCF7B9AE-B345-4836-81DA-EEDD95790724}.Release|Any CPU.ActiveCfg = Release|Any CPU
		{FCF7B9AE-B345-4836-81DA-EEDD95790724}.Release|Any CPU.Build.0 = Release|Any CPU
		{28F7B37E-69F3-4884-8E75-D559A13A4EFB}.Debug|Any CPU.ActiveCfg = Debug|Any CPU
		{28F7B37E-69F3-4884-8E75-D559A13A4EFB}.Debug|Any CPU.Build.0 = Debug|Any CPU
		{28F7B37E-69F3-4884-8E75-D559A13A4EFB}.Release|Any CPU.ActiveCfg = Release|Any CPU
		{28F7B37E-69F3-4884-8E75-D559A13A4EFB}.Release|Any CPU.Build.0 = Release|Any CPU
		{1C4F74EB-A174-41E8-AD89-AD386AF7654D}.Debug|Any CPU.ActiveCfg = Debug|Any CPU
		{1C4F74EB-A174-41E8-AD89-AD386AF7654D}.Debug|Any CPU.Build.0 = Debug|Any CPU
		{1C4F74EB-A174-41E8-AD89-AD386AF7654D}.Release|Any CPU.ActiveCfg = Release|Any CPU
		{1C4F74EB-A174-41E8-AD89-AD386AF7654D}.Release|Any CPU.Build.0 = Release|Any CPU
	EndGlobalSection
	GlobalSection(SolutionProperties) = preSolution
		HideSolutionNode = FALSE
	EndGlobalSection
EndGlobal
