
Microsoft Visual Studio Solution File, Format Version 12.00
# Visual Studio 2012
Project("{F2A71F9B-5D33-465A-A702-920D77279786}") = "Tranq", "src\Tranq.fsproj", "{F1E3515E-E90F-4A4B-BA31-F3F88E82A99D}"
EndProject
Project("{F2A71F9B-5D33-465A-A702-920D77279786}") = "Tranq.Test", "test\Tranq.Test.fsproj", "{28F7B37E-69F3-4884-8E75-D559A13A4EFB}"
EndProject
Project("{F2A71F9B-5D33-465A-A702-920D77279786}") = "Tranq.Sample", "sample\Tranq.Sample.fsproj", "{B96268EE-C97F-4E60-981B-E3F0614B746D}"
EndProject
Global
	GlobalSection(SolutionConfigurationPlatforms) = preSolution
		Debug|Any CPU = Debug|Any CPU
		Release|Any CPU = Release|Any CPU
	EndGlobalSection
	GlobalSection(ProjectConfigurationPlatforms) = postSolution
		{F1E3515E-E90F-4A4B-BA31-F3F88E82A99D}.Debug|Any CPU.ActiveCfg = Debug|Any CPU
		{F1E3515E-E90F-4A4B-BA31-F3F88E82A99D}.Debug|Any CPU.Build.0 = Debug|Any CPU
		{F1E3515E-E90F-4A4B-BA31-F3F88E82A99D}.Release|Any CPU.ActiveCfg = Release|Any CPU
		{F1E3515E-E90F-4A4B-BA31-F3F88E82A99D}.Release|Any CPU.Build.0 = Release|Any CPU
		{28F7B37E-69F3-4884-8E75-D559A13A4EFB}.Debug|Any CPU.ActiveCfg = Debug|Any CPU
		{28F7B37E-69F3-4884-8E75-D559A13A4EFB}.Debug|Any CPU.Build.0 = Debug|Any CPU
		{28F7B37E-69F3-4884-8E75-D559A13A4EFB}.Release|Any CPU.ActiveCfg = Release|Any CPU
		{28F7B37E-69F3-4884-8E75-D559A13A4EFB}.Release|Any CPU.Build.0 = Release|Any CPU
		{B96268EE-C97F-4E60-981B-E3F0614B746D}.Debug|Any CPU.ActiveCfg = Debug|Any CPU
		{B96268EE-C97F-4E60-981B-E3F0614B746D}.Debug|Any CPU.Build.0 = Debug|Any CPU
		{B96268EE-C97F-4E60-981B-E3F0614B746D}.Release|Any CPU.ActiveCfg = Release|Any CPU
		{B96268EE-C97F-4E60-981B-E3F0614B746D}.Release|Any CPU.Build.0 = Release|Any CPU
	EndGlobalSection
	GlobalSection(SolutionProperties) = preSolution
		HideSolutionNode = FALSE
	EndGlobalSection
EndGlobal
